Microsoft Visual Studio Solution File, Format Version 12.00
# Visual Studio Version 17
VisualStudioVersion = 17.5.2.0
MinimumVisualStudioVersion = 10.0.40219.1
Project("{FAE04EC0-301F-11D3-BF4B-00C04F79EFBC}") = "AceArena.Backend", "AceArena.Backend.csproj", "{F08B08FF-3CA4-3379-80DA-8DD33DF6F97A}"
EndProject
Global
	GlobalSection(SolutionConfigurationPlatforms) = preSolution
		Debug|Any CPU = Debug|Any CPU
		Release|Any CPU = Release|Any CPU
	EndGlobalSection
	GlobalSection(ProjectConfigurationPlatforms) = postSolution
		{F08B08FF-3CA4-3379-80DA-8DD33DF6F97A}.Debug|Any CPU.ActiveCfg = Debug|Any CPU
		{F08B08FF-3CA4-3379-80DA-8DD33DF6F97A}.Debug|Any CPU.Build.0 = Debug|Any CPU
		{F08B08FF-3CA4-3379-80DA-8DD33DF6F97A}.Release|Any CPU.ActiveCfg = Release|Any CPU
		{F08B08FF-3CA4-3379-80DA-8DD33DF6F97A}.Release|Any CPU.Build.0 = Release|Any CPU
	EndGlobalSection
	GlobalSection(SolutionProperties) = preSolution
		HideSolutionNode = FALSE
	EndGlobalSection
	GlobalSection(ExtensibilityGlobals) = postSolution
		SolutionGuid = {3407E0F7-F9F4-45B8-B030-3DF0B08147E9}
	EndGlobalSection
EndGlobal
